
Microsoft Visual Studio Solution File, Format Version 12.00
# Visual Studio Version 17
VisualStudioVersion = 17.14.37111.16
MinimumVisualStudioVersion = 10.0.40219.1
Project("{FAE04EC0-301F-11D3-BF4B-00C04F79EFBC}") = "DermaSoft", "DermaSoft.csproj", "{641241E1-FAD7-495F-8FD8-1A01C1AA3AEF}"
EndProject
Global
	GlobalSection(SolutionConfigurationPlatforms) = preSolution
		Debug|Any CPU = Debug|Any CPU
		Release|Any CPU = Release|Any CPU
	EndGlobalSection
	GlobalSection(ProjectConfigurationPlatforms) = postSolution
		{641241E1-FAD7-495F-8FD8-1A01C1AA3AEF}.Debug|Any CPU.ActiveCfg = Debug|Any CPU
		{641241E1-FAD7-495F-8FD8-1A01C1AA3AEF}.Debug|Any CPU.Build.0 = Debug|Any CPU
		{641241E1-FAD7-495F-8FD8-1A01C1AA3AEF}.Release|Any CPU.ActiveCfg = Release|Any CPU
		{641241E1-FAD7-495F-8FD8-1A01C1AA3AEF}.Release|Any CPU.Build.0 = Release|Any CPU
	EndGlobalSection
	GlobalSection(SolutionProperties) = preSolution
		HideSolutionNode = FALSE
	EndGlobalSection
	GlobalSection(ExtensibilityGlobals) = postSolution
		SolutionGuid = {DC9B7715-F044-4A62-BCC9-275D5D40C20F}
	EndGlobalSection
EndGlobal
